
Microsoft Visual Studio Solution File, Format Version 12.00
# Visual Studio 2012
Project("{8BC9CEB8-8B4A-11D0-8D11-00A0C91BC942}") = "RTTI test", "RTTI test\RTTI test.vcxproj", "{765F8EDA-414F-4E4F-B8FB-7EA900F93DB4}"
EndProject
Global
	GlobalSection(SolutionConfigurationPlatforms) = preSolution
		Debug|Win32 = Debug|Win32
		Release|Win32 = Release|Win32
	EndGlobalSection
	GlobalSection(ProjectConfigurationPlatforms) = postSolution
		{765F8EDA-414F-4E4F-B8FB-7EA900F93DB4}.Debug|Win32.ActiveCfg = Debug|Win32
		{765F8EDA-414F-4E4F-B8FB-7EA900F93DB4}.Debug|Win32.Build.0 = Debug|Win32
		{765F8EDA-414F-4E4F-B8FB-7EA900F93DB4}.Release|Win32.ActiveCfg = Release|Win32
		{765F8EDA-414F-4E4F-B8FB-7EA900F93DB4}.Release|Win32.Build.0 = Release|Win32
	EndGlobalSection
	GlobalSection(SolutionProperties) = preSolution
		HideSolutionNode = FALSE
	EndGlobalSection
EndGlobal
